<?xml version="1.0" encoding="utf-8"?>
<Project ToolsVersion="4.0" xmlns="http://schemas.microsoft.com/developer/msbuild/2003">
  <ItemGroup>
    <ClCompile Include="src\ofApp.cpp">
      <Filter>src</Filter>
    </ClCompile>
    <ClCompile Include="src\main.cpp">
      <Filter>src</Filter>
    </ClCompile>
    <ClCompile Include="..\..\..\addons\ofxGui\src\ofxBaseGui.cpp">
      <Filter>addons\ofxGui\src</Filter>
    </ClCompile>
    <ClCompile Include="..\..\..\addons\ofxGui\src\ofxButton.cpp">
      <Filter>addons\ofxGui\src</Filter>
    </ClCompile>
    <ClCompile Include="..\..\..\addons\ofxGui\src\ofxColorPicker.cpp">
      <Filter>addons\ofxGui\src</Filter>
    </ClCompile>
    <ClCompile Include="..\..\..\addons\ofxGui\src\ofxGuiGroup.cpp">
      <Filter>addons\ofxGui\src</Filter>
    </ClCompile>
    <ClCompile Include="..\..\..\addons\ofxGui\src\ofxInputField.cpp">
      <Filter>addons\ofxGui\src</Filter>
    </ClCompile>
    <ClCompile Include="..\..\..\addons\ofxGui\src\ofxLabel.cpp">
      <Filter>addons\ofxGui\src</Filter>
    </ClCompile>
    <ClCompile Include="..\..\..\addons\ofxGui\src\ofxPanel.cpp">
      <Filter>addons\ofxGui\src</Filter>
    </ClCompile>
    <ClCompile Include="..\..\..\addons\ofxGui\src\ofxSlider.cpp">
      <Filter>addons\ofxGui\src</Filter>
    </ClCompile>
    <ClCompile Include="..\..\..\addons\ofxGui\src\ofxSliderGroup.cpp">
      <Filter>addons\ofxGui\src</Filter>
    </ClCompile>
    <ClCompile Include="..\..\..\addons\ofxGui\src\ofxToggle.cpp">
      <Filter>addons\ofxGui\src</Filter>
    </ClCompile>
    <ClCompile Include="src\Movement\Boid.cpp">
      <Filter>src\Movement</Filter>
    </ClCompile>
    <ClCompile Include="src\Movement\Flock.cpp">
      <Filter>src\Movement</Filter>
    </ClCompile>
    <ClCompile Include="src\Movement\sKinematicData.cpp">
      <Filter>src\Movement</Filter>
    </ClCompile>
    <ClCompile Include="src\Movement\sVector2D.cpp">
      <Filter>src\Movement</Filter>
    </ClCompile>
    <ClCompile Include="src\Pathfinding\DirectedWeightedEdge.cpp">
      <Filter>src\Pathfinding</Filter>
    </ClCompile>
    <ClCompile Include="src\Pathfinding\DirectedGraph.cpp">
      <Filter>src\Pathfinding</Filter>
    </ClCompile>
    <ClCompile Include="src\Pathfinding\Utilities.cpp">
      <Filter>src\Pathfinding</Filter>
    </ClCompile>
    <ClCompile Include="src\Pathfinding\PathfindingAlgorithms.cpp">
      <Filter>src\Pathfinding</Filter>
    </ClCompile>
    <ClCompile Include="src\Pathfinding\NodeRecord.cpp">
      <Filter>src\Pathfinding</Filter>
    </ClCompile>
    <ClCompile Include="src\Pathfinding\Heuristic.cpp">
      <Filter>src\Pathfinding</Filter>
    </ClCompile>
    <ClCompile Include="src\Pathfinding\DivisionSchemeAlgorithms.cpp">
      <Filter>src\Pathfinding</Filter>
    </ClCompile>
  </ItemGroup>
  <ItemGroup>
    <Filter Include="src">
      <UniqueIdentifier>{d8376475-7454-4a24-b08a-aac121d3ad6f}</UniqueIdentifier>
    </Filter>
    <Filter Include="addons">
      <UniqueIdentifier>{8f6fa280-da7c-4db9-9d78-d2887256e610}</UniqueIdentifier>
    </Filter>
    <Filter Include="addons\ofxGui">
      <UniqueIdentifier>{cd86ecd1-b6d9-4f00-ada9-dba847ae793a}</UniqueIdentifier>
    </Filter>
    <Filter Include="addons\ofxGui\src">
      <UniqueIdentifier>{1cb40914-39db-433a-ac7f-7740465c093f}</UniqueIdentifier>
    </Filter>
    <Filter Include="src\Movement">
      <UniqueIdentifier>{4fa915c2-d44b-485e-910e-777136ad5817}</UniqueIdentifier>
    </Filter>
    <Filter Include="src\Pathfinding">
      <UniqueIdentifier>{1d9d1888-0492-4db0-95f6-91a450ebcc30}</UniqueIdentifier>
    </Filter>
  </ItemGroup>
  <ItemGroup>
    <ClInclude Include="src\ofApp.h">
      <Filter>src</Filter>
    </ClInclude>
    <ClInclude Include="..\..\..\addons\ofxGui\src\ofxBaseGui.h">
      <Filter>addons\ofxGui\src</Filter>
    </ClInclude>
    <ClInclude Include="..\..\..\addons\ofxGui\src\ofxButton.h">
      <Filter>addons\ofxGui\src</Filter>
    </ClInclude>
    <ClInclude Include="..\..\..\addons\ofxGui\src\ofxColorPicker.h">
      <Filter>addons\ofxGui\src</Filter>
    </ClInclude>
    <ClInclude Include="..\..\..\addons\ofxGui\src\ofxGui.h">
      <Filter>addons\ofxGui\src</Filter>
    </ClInclude>
    <ClInclude Include="..\..\..\addons\ofxGui\src\ofxGuiGroup.h">
      <Filter>addons\ofxGui\src</Filter>
    </ClInclude>
    <ClInclude Include="..\..\..\addons\ofxGui\src\ofxGuiUtils.h">
      <Filter>addons\ofxGui\src</Filter>
    </ClInclude>
    <ClInclude Include="..\..\..\addons\ofxGui\src\ofxInputField.h">
      <Filter>addons\ofxGui\src</Filter>
    </ClInclude>
    <ClInclude Include="..\..\..\addons\ofxGui\src\ofxLabel.h">
      <Filter>addons\ofxGui\src</Filter>
    </ClInclude>
    <ClInclude Include="..\..\..\addons\ofxGui\src\ofxPanel.h">
      <Filter>addons\ofxGui\src</Filter>
    </ClInclude>
    <ClInclude Include="..\..\..\addons\ofxGui\src\ofxSlider.h">
      <Filter>addons\ofxGui\src</Filter>
    </ClInclude>
    <ClInclude Include="..\..\..\addons\ofxGui\src\ofxSliderGroup.h">
      <Filter>addons\ofxGui\src</Filter>
    </ClInclude>
    <ClInclude Include="..\..\..\addons\ofxGui\src\ofxToggle.h">
      <Filter>addons\ofxGui\src</Filter>
    </ClInclude>
    <ClInclude Include="src\Movement\Boid.h">
      <Filter>src\Movement</Filter>
    </ClInclude>
    <ClInclude Include="src\Movement\Flock.h">
      <Filter>src\Movement</Filter>
    </ClInclude>
    <ClInclude Include="src\Movement\sKinematicData.h">
      <Filter>src\Movement</Filter>
    </ClInclude>
    <ClInclude Include="src\Movement\sSteering.h">
      <Filter>src\Movement</Filter>
    </ClInclude>
    <ClInclude Include="src\Movement\sVector2D.h">
      <Filter>src\Movement</Filter>
    </ClInclude>
    <ClInclude Include="src\Pathfinding\DirectedWeightedEdge.h">
      <Filter>src\Pathfinding</Filter>
    </ClInclude>
    <ClInclude Include="src\Pathfinding\NodeRecord.h">
      <Filter>src\Pathfinding</Filter>
    </ClInclude>
    <ClInclude Include="src\Pathfinding\DirectedGraph.h">
      <Filter>src\Pathfinding</Filter>
    </ClInclude>
    <ClInclude Include="src\Pathfinding\Path.h">
      <Filter>src\Pathfinding</Filter>
    </ClInclude>
    <ClInclude Include="src\Pathfinding\Utilities.h">
      <Filter>src\Pathfinding</Filter>
    </ClInclude>
    <ClInclude Include="src\Pathfinding\PathfindingAlgorithms.h">
      <Filter>src\Pathfinding</Filter>
    </ClInclude>
    <ClInclude Include="src\Pathfinding\Heuristic.h">
      <Filter>src\Pathfinding</Filter>
    </ClInclude>
    <ClInclude Include="src\Pathfinding\DivisionSchemeAlgorithms.h">
      <Filter>src\Pathfinding</Filter>
    </ClInclude>
  </ItemGroup>
  <ItemGroup>
    <ResourceCompile Include="icon.rc" />
  </ItemGroup>
</Project>